PODS:
  - Alamofire (5.6.1)
  - Gifu (3.3.1)
  - JGProgressHUD (2.2)
  - Nuke (10.7.1)
  - NVActivityIndicatorView (5.1.1):
    - NVActivityIndicatorView/Base (= 5.1.1)
  - NVActivityIndicatorView/Base (5.1.1)
  - Pastel (0.6.0)
  - SkeletonView (1.29.2)
  - SQLite.swift (0.13.2):
    - SQLite.swift/standard (= 0.13.2)
  - SQLite.swift/standard (0.13.2)
  - SwiftMessages (9.0.5):
    - SwiftMessages/App (= 9.0.5)
  - SwiftMessages/App (9.0.5)

DEPENDENCIES:
  - Alamofire
  - Gifu
  - JGProgressHUD
  - Nuke
  - NVActivityIndicatorView
  - Pastel
  - SkeletonView
  - SQLite.swift
  - SwiftMessages

SPEC REPOS:
  https://github.com/CocoaPods/Specs.git:
    - Alamofire
    - Gifu
    - JGProgressHUD
    - Nuke
    - NVActivityIndicatorView
    - Pastel
    - SkeletonView
    - SQLite.swift
    - SwiftMessages

SPEC CHECKSUMS:
  Alamofire: 87bd8c952f9a4454320fce00d9cc3de57bcadaf5
  Gifu: 416d4e38c4c2fed012f019e0a1d3ffcb58e5b842
  JGProgressHUD: d83d7a981b85d11205e19ff8ad5bb9c40571c847
  Nuke: 279f17a599fd1c83cf51de5e0e1f2db143a287b0
  NVActivityIndicatorView: 1f6c5687f1171810aa27a3296814dc2d7dec3667
  Pastel: 814f081efbe2859c37e65ee44f396e6e5be88619
  SkeletonView: 915a80ecc2b6421ab7ac0f0212321c0cc1406472
  SQLite.swift: 4fc2be46c36392e3b87afe6fe7f1801c1daa07ef
  SwiftMessages: 9cca50659fa22bb523b4dd2a958d4442e843a354

PODFILE CHECKSUM: 0d9abd2cec4f835f60d96c8a0b2230352d1c1bdc

COCOAPODS: 1.11.3
